// !$*UTF8*$!
{
	archiveVersion = 1;
	classes = {
	};
	objectVersion = 46;
	objects = {

/* Begin PBXBuildFile section */
		65DCB76E1D5CC8150080F71A /* AppDelegate.swift in Sources */ = {isa = PBXBuildFile; fileRef = 65DCB76D1D5CC8150080F71A /* AppDelegate.swift */; };
		65DCB7701D5CC8150080F71A /* ViewController.swift in Sources */ = {isa = PBXBuildFile; fileRef = 65DCB76F1D5CC8150080F71A /* ViewController.swift */; };
		65DCB7731D5CC8150080F71A /* Main.storyboard in Resources */ = {isa = PBXBuildFile; fileRef = 65DCB7711D5CC8150080F71A /* Main.storyboard */; };
		65DCB7751D5CC8150080F71A /* Assets.xcassets in Resources */ = {isa = PBXBuildFile; fileRef = 65DCB7741D5CC8150080F71A /* Assets.xcassets */; };
		65DCB7781D5CC8150080F71A /* LaunchScreen.storyboard in Resources */ = {isa = PBXBuildFile; fileRef = 65DCB7761D5CC8150080F71A /* LaunchScreen.storyboard */; };
		65DCB7831D5CC8150080F71A /* HighwayTests.swift in Sources */ = {isa = PBXBuildFile; fileRef = 65DCB7821D5CC8150080F71A /* HighwayTests.swift */; };
		65DCB78E1D5CC8150080F71A /* HighwayUITests.swift in Sources */ = {isa = PBXBuildFile; fileRef = 65DCB78D1D5CC8150080F71A /* HighwayUITests.swift */; };
/* End PBXBuildFile section */

/* Begin PBXContainerItemProxy section */
		65DCB77F1D5CC8150080F71A /* PBXContainerItemProxy */ = {
			isa = PBXContainerItemProxy;
			containerPortal = 65DCB7621D5CC8140080F71A /* Project object */;
			proxyType = 1;
			remoteGlobalIDString = 65DCB7691D5CC8150080F71A;
			remoteInfo = Highway;
		};
		65DCB78A1D5CC8150080F71A /* PBXContainerItemProxy */ = {
			isa = PBXContainerItemProxy;
			containerPortal = 65DCB7621D5CC8140080F71A /* Project object */;
			proxyType = 1;
			remoteGlobalIDString = 65DCB7691D5CC8150080F71A;
			remoteInfo = Highway;
		};
/* End PBXContainerItemProxy section */

/* Begin PBXFileReference section */
		65DCB76A1D5CC8150080F71A /* Highway.app */ = {isa = PBXFileReference; explicitFileType = wrapper.application; includeInIndex = 0; path = Highway.app; sourceTree = BUILT_PRODUCTS_DIR; };
		65DCB76D1D5CC8150080F71A /* AppDelegate.swift */ = {isa = PBXFileReference; lastKnownFileType = sourcecode.swift; path = AppDelegate.swift; sourceTree = "<group>"; };
		65DCB76F1D5CC8150080F71A /* ViewController.swift */ = {isa = PBXFileReference; lastKnownFileType = sourcecode.swift; path = ViewController.swift; sourceTree = "<group>"; };
		65DCB7721D5CC8150080F71A /* Base */ = {isa = PBXFileReference; lastKnownFileType = file.storyboard; name = Base; path = Base.lproj/Main.storyboard; sourceTree = "<group>"; };
		65DCB7741D5CC8150080F71A /* Assets.xcassets */ = {isa = PBXFileReference; lastKnownFileType = folder.assetcatalog; path = Assets.xcassets; sourceTree = "<group>"; };
		65DCB7771D5CC8150080F71A /* Base */ = {isa = PBXFileReference; lastKnownFileType = file.storyboard; name = Base; path = Base.lproj/LaunchScreen.storyboard; sourceTree = "<group>"; };
		65DCB7791D5CC8150080F71A /* Info.plist */ = {isa = PBXFileReference; lastKnownFileType = text.plist.xml; path = Info.plist; sourceTree = "<group>"; };
		65DCB77E1D5CC8150080F71A /* HighwayTests.xctest */ = {isa = PBXFileReference; explicitFileType = wrapper.cfbundle; includeInIndex = 0; path = HighwayTests.xctest; sourceTree = BUILT_PRODUCTS_DIR; };
		65DCB7821D5CC8150080F71A /* HighwayTests.swift */ = {isa = PBXFileReference; lastKnownFileType = sourcecode.swift; path = HighwayTests.swift; sourceTree = "<group>"; };
		65DCB7841D5CC8150080F71A /* Info.plist */ = {isa = PBXFileReference; lastKnownFileType = text.plist.xml; path = Info.plist; sourceTree = "<group>"; };
		65DCB7891D5CC8150080F71A /* HighwayUITests.xctest */ = {isa = PBXFileReference; explicitFileType = wrapper.cfbundle; includeInIndex = 0; path = HighwayUITests.xctest; sourceTree = BUILT_PRODUCTS_DIR; };
		65DCB78D1D5CC8150080F71A /* HighwayUITests.swift */ = {isa = PBXFileReference; lastKnownFileType = sourcecode.swift; path = HighwayUITests.swift; sourceTree = "<group>"; };
		65DCB78F1D5CC8150080F71A /* Info.plist */ = {isa = PBXFileReference; lastKnownFileType = text.plist.xml; path = Info.plist; sourceTree = "<group>"; };
/* End PBXFileReference section */

/* Begin PBXFrameworksBuildPhase section */
		65DCB7671D5CC8150080F71A /* Frameworks */ = {
			isa = PBXFrameworksBuildPhase;
			buildActionMask = 2147483647;
			files = (
			);
			runOnlyForDeploymentPostprocessing = 0;
		};
		65DCB77B1D5CC8150080F71A /* Frameworks */ = {
			isa = PBXFrameworksBuildPhase;
			buildActionMask = 2147483647;
			files = (
			);
			runOnlyForDeploymentPostprocessing = 0;
		};
		65DCB7861D5CC8150080F71A /* Frameworks */ = {
			isa = PBXFrameworksBuildPhase;
			buildActionMask = 2147483647;
			files = (
			);
			runOnlyForDeploymentPostprocessing = 0;
		};
/* End PBXFrameworksBuildPhase section */

/* Begin PBXGroup section */
		65DCB7611D5CC8140080F71A = {
			isa = PBXGroup;
			children = (
				65DCB76C1D5CC8150080F71A /* Highway */,
				65DCB7811D5CC8150080F71A /* HighwayTests */,
				65DCB78C1D5CC8150080F71A /* HighwayUITests */,
				65DCB76B1D5CC8150080F71A /* Products */,
			);
			sourceTree = "<group>";
		};
		65DCB76B1D5CC8150080F71A /* Products */ = {
			isa = PBXGroup;
			children = (
				65DCB76A1D5CC8150080F71A /* Highway.app */,
				65DCB77E1D5CC8150080F71A /* HighwayTests.xctest */,
				65DCB7891D5CC8150080F71A /* HighwayUITests.xctest */,
			);
			name = Products;
			sourceTree = "<group>";
		};
		65DCB76C1D5CC8150080F71A /* Highway */ = {
			isa = PBXGroup;
			children = (
				65DCB76D1D5CC8150080F71A /* AppDelegate.swift */,
				65DCB76F1D5CC8150080F71A /* ViewController.swift */,
				65DCB7711D5CC8150080F71A /* Main.storyboard */,
				65DCB7741D5CC8150080F71A /* Assets.xcassets */,
				65DCB7761D5CC8150080F71A /* LaunchScreen.storyboard */,
				65DCB7791D5CC8150080F71A /* Info.plist */,
			);
			path = Highway;
			sourceTree = "<group>";
		};
		65DCB7811D5CC8150080F71A /* HighwayTests */ = {
			isa = PBXGroup;
			children = (
				65DCB7821D5CC8150080F71A /* HighwayTests.swift */,
				65DCB7841D5CC8150080F71A /* Info.plist */,
			);
			path = HighwayTests;
			sourceTree = "<group>";
		};
		65DCB78C1D5CC8150080F71A /* HighwayUITests */ = {
			isa = PBXGroup;
			children = (
				65DCB78D1D5CC8150080F71A /* HighwayUITests.swift */,
				65DCB78F1D5CC8150080F71A /* Info.plist */,
			);
			path = HighwayUITests;
			sourceTree = "<group>";
		};
/* End PBXGroup section */

/* Begin PBXNativeTarget section */
		65DCB7691D5CC8150080F71A /* Highway */ = {
			isa = PBXNativeTarget;
			buildConfigurationList = 65DCB7921D5CC8150080F71A /* Build configuration list for PBXNativeTarget "Highway" */;
			buildPhases = (
				65DCB7661D5CC8150080F71A /* Sources */,
				65DCB7671D5CC8150080F71A /* Frameworks */,
				65DCB7681D5CC8150080F71A /* Resources */,
				2B29838F1D6CC8D400217194 /* ShellScript */,
				2B2983901D6CC94200217194 /* ShellScript */,
			);
			buildRules = (
			);
			dependencies = (
			);
			name = Highway;
			productName = Highway;
			productReference = 65DCB76A1D5CC8150080F71A /* Highway.app */;
			productType = "com.apple.product-type.application";
		};
		65DCB77D1D5CC8150080F71A /* HighwayTests */ = {
			isa = PBXNativeTarget;
			buildConfigurationList = 65DCB7951D5CC8150080F71A /* Build configuration list for PBXNativeTarget "HighwayTests" */;
			buildPhases = (
				65DCB77A1D5CC8150080F71A /* Sources */,
				65DCB77B1D5CC8150080F71A /* Frameworks */,
				65DCB77C1D5CC8150080F71A /* Resources */,
			);
			buildRules = (
			);
			dependencies = (
				65DCB7801D5CC8150080F71A /* PBXTargetDependency */,
			);
			name = HighwayTests;
			productName = HighwayTests;
			productReference = 65DCB77E1D5CC8150080F71A /* HighwayTests.xctest */;
			productType = "com.apple.product-type.bundle.unit-test";
		};
		65DCB7881D5CC8150080F71A /* HighwayUITests */ = {
			isa = PBXNativeTarget;
			buildConfigurationList = 65DCB7981D5CC8150080F71A /* Build configuration list for PBXNativeTarget "HighwayUITests" */;
			buildPhases = (
				65DCB7851D5CC8150080F71A /* Sources */,
				65DCB7861D5CC8150080F71A /* Frameworks */,
				65DCB7871D5CC8150080F71A /* Resources */,
			);
			buildRules = (
			);
			dependencies = (
				65DCB78B1D5CC8150080F71A /* PBXTargetDependency */,
			);
			name = HighwayUITests;
			productName = HighwayUITests;
			productReference = 65DCB7891D5CC8150080F71A /* HighwayUITests.xctest */;
			productType = "com.apple.product-type.bundle.ui-testing";
		};
/* End PBXNativeTarget section */

/* Begin PBXProject section */
		65DCB7621D5CC8140080F71A /* Project object */ = {
			isa = PBXProject;
			attributes = {
				LastSwiftUpdateCheck = 0730;
				LastUpgradeCheck = 0730;
				ORGANIZATIONNAME = Ratio;
				TargetAttributes = {
					65DCB7691D5CC8150080F71A = {
						CreatedOnToolsVersion = 7.3;
						DevelopmentTeam = 6UW7LJYHD4;
					};
					65DCB77D1D5CC8150080F71A = {
						CreatedOnToolsVersion = 7.3;
						TestTargetID = 65DCB7691D5CC8150080F71A;
					};
					65DCB7881D5CC8150080F71A = {
						CreatedOnToolsVersion = 7.3;
						TestTargetID = 65DCB7691D5CC8150080F71A;
					};
				};
			};
			buildConfigurationList = 65DCB7651D5CC8150080F71A /* Build configuration list for PBXProject "Highway" */;
			compatibilityVersion = "Xcode 3.2";
			developmentRegion = English;
			hasScannedForEncodings = 0;
			knownRegions = (
				en,
				Base,
			);
			mainGroup = 65DCB7611D5CC8140080F71A;
			productRefGroup = 65DCB76B1D5CC8150080F71A /* Products */;
			projectDirPath = "";
			projectRoot = "";
			targets = (
				65DCB7691D5CC8150080F71A /* Highway */,
				65DCB77D1D5CC8150080F71A /* HighwayTests */,
				65DCB7881D5CC8150080F71A /* HighwayUITests */,
			);
		};
/* End PBXProject section */

/* Begin PBXResourcesBuildPhase section */
		65DCB7681D5CC8150080F71A /* Resources */ = {
			isa = PBXResourcesBuildPhase;
			buildActionMask = 2147483647;
			files = (
				65DCB7781D5CC8150080F71A /* LaunchScreen.storyboard in Resources */,
				65DCB7751D5CC8150080F71A /* Assets.xcassets in Resources */,
				65DCB7731D5CC8150080F71A /* Main.storyboard in Resources */,
			);
			runOnlyForDeploymentPostprocessing = 0;
		};
		65DCB77C1D5CC8150080F71A /* Resources */ = {
			isa = PBXResourcesBuildPhase;
			buildActionMask = 2147483647;
			files = (
			);
			runOnlyForDeploymentPostprocessing = 0;
		};
		65DCB7871D5CC8150080F71A /* Resources */ = {
			isa = PBXResourcesBuildPhase;
			buildActionMask = 2147483647;
			files = (
			);
			runOnlyForDeploymentPostprocessing = 0;
		};
/* End PBXResourcesBuildPhase section */

/* Begin PBXShellScriptBuildPhase section */
		2B29838F1D6CC8D400217194 /* ShellScript */ = {
			isa = PBXShellScriptBuildPhase;
			buildActionMask = 12;
			files = (
			);
			inputPaths = (
			);
			outputPaths = (
			);
			runOnlyForDeploymentPostprocessing = 0;
			shellPath = /bin/sh;
			shellScript = "buildNumber=$(/usr/libexec/PlistBuddy -c \"Print CFBundleVersion\" \"${PROJECT_DIR}/${INFOPLIST_FILE}\")\nbuildNumber=$(($buildNumber + 1))\n/usr/libexec/PlistBuddy -c \"Set :CFBundleVersion $buildNumber\" \"${PROJECT_DIR}/${INFOPLIST_FILE}\"";
		};
		2B2983901D6CC94200217194 /* ShellScript */ = {
			isa = PBXShellScriptBuildPhase;
			buildActionMask = 8;
			files = (
			);
			inputPaths = (
			);
			outputPaths = (
			);
			runOnlyForDeploymentPostprocessing = 1;
			shellPath = /bin/sh;
			shellScript = "VERSIONNUM=$(/usr/libexec/PlistBuddy -c \"Print CFBundleShortVersionString\" \"${PROJECT_DIR}/${INFOPLIST_FILE}\")\nNEWSUBVERSION=`echo $VERSIONNUM | awk -F \".\" '{print $3}'`\nNEWSUBVERSION=$(($NEWSUBVERSION + 1))\nNEWVERSIONSTRING=`echo $VERSIONNUM | awk -F \".\" '{print $1 \".\" $2 \".'$NEWSUBVERSION'\" }'`\n/usr/libexec/PlistBuddy -c \"Set :CFBundleShortVersionString $NEWVERSIONSTRING\" \"${PROJECT_DIR}/${INFOPLIST_FILE}\"";
		};
/* End PBXShellScriptBuildPhase section */

/* Begin PBXSourcesBuildPhase section */
		65DCB7661D5CC8150080F71A /* Sources */ = {
			isa = PBXSourcesBuildPhase;
			buildActionMask = 2147483647;
			files = (
				65DCB7701D5CC8150080F71A /* ViewController.swift in Sources */,
				65DCB76E1D5CC8150080F71A /* AppDelegate.swift in Sources */,
			);
			runOnlyForDeploymentPostprocessing = 0;
		};
		65DCB77A1D5CC8150080F71A /* Sources */ = {
			isa = PBXSourcesBuildPhase;
			buildActionMask = 2147483647;
			files = (
				65DCB7831D5CC8150080F71A /* HighwayTests.swift in Sources */,
			);
			runOnlyForDeploymentPostprocessing = 0;
		};
		65DCB7851D5CC8150080F71A /* Sources */ = {
			isa = PBXSourcesBuildPhase;
			buildActionMask = 2147483647;
			files = (
				65DCB78E1D5CC8150080F71A /* HighwayUITests.swift in Sources */,
			);
			runOnlyForDeploymentPostprocessing = 0;
		};
/* End PBXSourcesBuildPhase section */

/* Begin PBXTargetDependency section */
		65DCB7801D5CC8150080F71A /* PBXTargetDependency */ = {
			isa = PBXTargetDependency;
			target = 65DCB7691D5CC8150080F71A /* Highway */;
			targetProxy = 65DCB77F1D5CC8150080F71A /* PBXContainerItemProxy */;
		};
		65DCB78B1D5CC8150080F71A /* PBXTargetDependency */ = {
			isa = PBXTargetDependency;
			target = 65DCB7691D5CC8150080F71A /* Highway */;
			targetProxy = 65DCB78A1D5CC8150080F71A /* PBXContainerItemProxy */;
		};
/* End PBXTargetDependency section */

/* Begin PBXVariantGroup section */
		65DCB7711D5CC8150080F71A /* Main.storyboard */ = {
			isa = PBXVariantGroup;
			children = (
				65DCB7721D5CC8150080F71A /* Base */,
			);
			name = Main.storyboard;
			sourceTree = "<group>";
		};
		65DCB7761D5CC8150080F71A /* LaunchScreen.storyboard */ = {
			isa = PBXVariantGroup;
			children = (
				65DCB7771D5CC8150080F71A /* Base */,
			);
			name = LaunchScreen.storyboard;
			sourceTree = "<group>";
		};
/* End PBXVariantGroup section */

/* Begin XCBuildConfiguration section */
		65DCB7901D5CC8150080F71A /* Debug */ = {
			isa = XCBuildConfiguration;
			buildSettings = {
				ALWAYS_SEARCH_USER_PATHS = NO;
				CLANG_ANALYZER_NONNULL = YES;
				CLANG_CXX_LANGUAGE_STANDARD = "gnu++0x";
				CLANG_CXX_LIBRARY = "libc++";
				CLANG_ENABLE_MODULES = YES;
				CLANG_ENABLE_OBJC_ARC = YES;
				CLANG_WARN_BOOL_CONVERSION = YES;
				CLANG_WARN_CONSTANT_CONVERSION = YES;
				CLANG_WARN_DIRECT_OBJC_ISA_USAGE = YES_ERROR;
				CLANG_WARN_EMPTY_BODY = YES;
				CLANG_WARN_ENUM_CONVERSION = YES;
				CLANG_WARN_INT_CONVERSION = YES;
				CLANG_WARN_OBJC_ROOT_CLASS = YES_ERROR;
				CLANG_WARN_UNREACHABLE_CODE = YES;
				CLANG_WARN__DUPLICATE_METHOD_MATCH = YES;
				"CODE_SIGN_IDENTITY[sdk=iphoneos*]" = "iPhone Developer";
				COPY_PHASE_STRIP = NO;
				DEBUG_INFORMATION_FORMAT = dwarf;
				ENABLE_STRICT_OBJC_MSGSEND = YES;
				ENABLE_TESTABILITY = YES;
				GCC_C_LANGUAGE_STANDARD = gnu99;
				GCC_DYNAMIC_NO_PIC = NO;
				GCC_NO_COMMON_BLOCKS = YES;
				GCC_OPTIMIZATION_LEVEL = 0;
				GCC_PREPROCESSOR_DEFINITIONS = (
					"DEBUG=1",
					"$(inherited)",
				);
				GCC_WARN_64_TO_32_BIT_CONVERSION = YES;
				GCC_WARN_ABOUT_RETURN_TYPE = YES_ERROR;
				GCC_WARN_UNDECLARED_SELECTOR = YES;
				GCC_WARN_UNINITIALIZED_AUTOS = YES_AGGRESSIVE;
				GCC_WARN_UNUSED_FUNCTION = YES;
				GCC_WARN_UNUSED_VARIABLE = YES;
				IPHONEOS_DEPLOYMENT_TARGET = 9.3;
				MTL_ENABLE_DEBUG_INFO = YES;
				ONLY_ACTIVE_ARCH = YES;
				SDKROOT = iphoneos;
				SWIFT_OPTIMIZATION_LEVEL = "-Onone";
				TARGETED_DEVICE_FAMILY = "1,2";
			};
			name = Debug;
		};
		65DCB7911D5CC8150080F71A /* Release */ = {
			isa = XCBuildConfiguration;
			buildSettings = {
				ALWAYS_SEARCH_USER_PATHS = NO;
				CLANG_ANALYZER_NONNULL = YES;
				CLANG_CXX_LANGUAGE_STANDARD = "gnu++0x";
				CLANG_CXX_LIBRARY = "libc++";
				CLANG_ENABLE_MODULES = YES;
				CLANG_ENABLE_OBJC_ARC = YES;
				CLANG_WARN_BOOL_CONVERSION = YES;
				CLANG_WARN_CONSTANT_CONVERSION = YES;
				CLANG_WARN_DIRECT_OBJC_ISA_USAGE = YES_ERROR;
				CLANG_WARN_EMPTY_BODY = YES;
				CLANG_WARN_ENUM_CONVERSION = YES;
				CLANG_WARN_INT_CONVERSION = YES;
				CLANG_WARN_OBJC_ROOT_CLASS = YES_ERROR;
				CLANG_WARN_UNREACHABLE_CODE = YES;
				CLANG_WARN__DUPLICATE_METHOD_MATCH = YES;
				"CODE_SIGN_IDENTITY[sdk=iphoneos*]" = "iPhone Developer";
				COPY_PHASE_STRIP = NO;
				DEBUG_INFORMATION_FORMAT = "dwarf-with-dsym";
				ENABLE_NS_ASSERTIONS = NO;
				ENABLE_STRICT_OBJC_MSGSEND = YES;
				GCC_C_LANGUAGE_STANDARD = gnu99;
				GCC_NO_COMMON_BLOCKS = YES;
				GCC_WARN_64_TO_32_BIT_CONVERSION = YES;
				GCC_WARN_ABOUT_RETURN_TYPE = YES_ERROR;
				GCC_WARN_UNDECLARED_SELECTOR = YES;
				GCC_WARN_UNINITIALIZED_AUTOS = YES_AGGRESSIVE;
				GCC_WARN_UNUSED_FUNCTION = YES;
				GCC_WARN_UNUSED_VARIABLE = YES;
				IPHONEOS_DEPLOYMENT_TARGET = 9.3;
				MTL_ENABLE_DEBUG_INFO = NO;
				SDKROOT = iphoneos;
				TARGETED_DEVICE_FAMILY = "1,2";
				VALIDATE_PRODUCT = YES;
			};
			name = Release;
		};
		65DCB7931D5CC8150080F71A /* Debug */ = {
			isa = XCBuildConfiguration;
			buildSettings = {
				ASSETCATALOG_COMPILER_APPICON_NAME = AppIcon;
				CODE_SIGN_IDENTITY = "iPhone Developer";
				"CODE_SIGN_IDENTITY[sdk=iphoneos*]" = "iPhone Developer";
				INFOPLIST_FILE = Highway/Info.plist;
				LD_RUNPATH_SEARCH_PATHS = "$(inherited) @executable_path/Frameworks";
				PRODUCT_BUNDLE_IDENTIFIER = com.ratio.Highway;
				PRODUCT_NAME = "$(TARGET_NAME)";
				PROVISIONING_PROFILE = "";
			};
			name = Debug;
		};
		65DCB7941D5CC8150080F71A /* Release */ = {
			isa = XCBuildConfiguration;
			buildSettings = {
				ASSETCATALOG_COMPILER_APPICON_NAME = AppIcon;
				CODE_SIGN_IDENTITY = "iPhone Distribution";
				"CODE_SIGN_IDENTITY[sdk=iphoneos*]" = "iPhone Distribution";
				INFOPLIST_FILE = Highway/Info.plist;
				LD_RUNPATH_SEARCH_PATHS = "$(inherited) @executable_path/Frameworks";
				PRODUCT_BUNDLE_IDENTIFIER = com.ratio.Highway;
				PRODUCT_NAME = "$(TARGET_NAME)";
				PROVISIONING_PROFILE = "";
			};
			name = Release;
		};
		65DCB7961D5CC8150080F71A /* Debug */ = {
			isa = XCBuildConfiguration;
			buildSettings = {
				BUNDLE_LOADER = "$(TEST_HOST)";
				INFOPLIST_FILE = HighwayTests/Info.plist;
				LD_RUNPATH_SEARCH_PATHS = "$(inherited) @executable_path/Frameworks @loader_path/Frameworks";
				PRODUCT_BUNDLE_IDENTIFIER = com.ratio.HighwayTests;
				PRODUCT_NAME = "$(TARGET_NAME)";
				TEST_HOST = "$(BUILT_PRODUCTS_DIR)/Highway.app/Highway";
			};
			name = Debug;
		};
		65DCB7971D5CC8150080F71A /* Release */ = {
			isa = XCBuildConfiguration;
			buildSettings = {
				BUNDLE_LOADER = "$(TEST_HOST)";
				INFOPLIST_FILE = HighwayTests/Info.plist;
				LD_RUNPATH_SEARCH_PATHS = "$(inherited) @executable_path/Frameworks @loader_path/Frameworks";
				PRODUCT_BUNDLE_IDENTIFIER = com.ratio.HighwayTests;
				PRODUCT_NAME = "$(TARGET_NAME)";
				TEST_HOST = "$(BUILT_PRODUCTS_DIR)/Highway.app/Highway";
			};
			name = Release;
		};
		65DCB7991D5CC8150080F71A /* Debug */ = {
			isa = XCBuildConfiguration;
			buildSettings = {
				INFOPLIST_FILE = HighwayUITests/Info.plist;
				LD_RUNPATH_SEARCH_PATHS = "$(inherited) @executable_path/Frameworks @loader_path/Frameworks";
				PRODUCT_BUNDLE_IDENTIFIER = com.ratio.HighwayUITests;
				PRODUCT_NAME = "$(TARGET_NAME)";
				TEST_TARGET_NAME = Highway;
			};
			name = Debug;
		};
		65DCB79A1D5CC8150080F71A /* Release */ = {
			isa = XCBuildConfiguration;
			buildSettings = {
				INFOPLIST_FILE = HighwayUITests/Info.plist;
				LD_RUNPATH_SEARCH_PATHS = "$(inherited) @executable_path/Frameworks @loader_path/Frameworks";
				PRODUCT_BUNDLE_IDENTIFIER = com.ratio.HighwayUITests;
				PRODUCT_NAME = "$(TARGET_NAME)";
				TEST_TARGET_NAME = Highway;
			};
			name = Release;
		};
/* End XCBuildConfiguration section */

/* Begin XCConfigurationList section */
		65DCB7651D5CC8150080F71A /* Build configuration list for PBXProject "Highway" */ = {
			isa = XCConfigurationList;
			buildConfigurations = (
				65DCB7901D5CC8150080F71A /* Debug */,
				65DCB7911D5CC8150080F71A /* Release */,
			);
			defaultConfigurationIsVisible = 0;
			defaultConfigurationName = Release;
		};
		65DCB7921D5CC8150080F71A /* Build configuration list for PBXNativeTarget "Highway" */ = {
			isa = XCConfigurationList;
			buildConfigurations = (
				65DCB7931D5CC8150080F71A /* Debug */,
				65DCB7941D5CC8150080F71A /* Release */,
			);
			defaultConfigurationIsVisible = 0;
			defaultConfigurationName = Release;
		};
		65DCB7951D5CC8150080F71A /* Build configuration list for PBXNativeTarget "HighwayTests" */ = {
			isa = XCConfigurationList;
			buildConfigurations = (
				65DCB7961D5CC8150080F71A /* Debug */,
				65DCB7971D5CC8150080F71A /* Release */,
			);
			defaultConfigurationIsVisible = 0;
			defaultConfigurationName = Release;
		};
		65DCB7981D5CC8150080F71A /* Build configuration list for PBXNativeTarget "HighwayUITests" */ = {
			isa = XCConfigurationList;
			buildConfigurations = (
				65DCB7991D5CC8150080F71A /* Debug */,
				65DCB79A1D5CC8150080F71A /* Release */,
			);
			defaultConfigurationIsVisible = 0;
			defaultConfigurationName = Release;
		};
/* End XCConfigurationList section */
	};
	rootObject = 65DCB7621D5CC8140080F71A /* Project object */;
}
